<?xml version="1.0" encoding="utf-8"?>
<Project ToolsVersion="4.0" xmlns="http://schemas.microsoft.com/developer/msbuild/2003">
  <ItemGroup>
    <Filter Include="Source Files">
      <UniqueIdentifier>{4FC737F1-C7A5-4376-A066-2A32D752A2FF}</UniqueIdentifier>
      <Extensions>cpp;c;cc;cxx;def;odl;idl;hpj;bat;asm;asmx</Extensions>
    </Filter>
    <Filter Include="Source Files\Math">
      <UniqueIdentifier>{df325474-11b0-423d-a3db-1b2b9dfa75bb}</UniqueIdentifier>
    </Filter>
    <Filter Include="Source Files\Scene">
      <UniqueIdentifier>{7970c84b-d1d3-4126-82bf-2233bfd9230c}</UniqueIdentifier>
    </Filter>
    <Filter Include="Source Files\Scene\Surface">
      <UniqueIdentifier>{5923f23b-59e7-42d9-acdb-d8caadc84ee5}</UniqueIdentifier>
    </Filter>
    <Filter Include="Source Files\Scene\Light">
      <UniqueIdentifier>{2a4cd64c-9bdd-4ca1-bc2f-e7963d2ce297}</UniqueIdentifier>
    </Filter>
    <Filter Include="Source Files\Utils">
      <UniqueIdentifier>{881bc35b-be4f-4560-be0c-270592eb6a23}</UniqueIdentifier>
    </Filter>
    <Filter Include="Header Files">
      <UniqueIdentifier>{93995380-89BD-4b04-88EB-625FBE52EBFB}</UniqueIdentifier>
      <Extensions>h;hpp;hxx;hm;inl;inc;xsd</Extensions>
    </Filter>
    <Filter Include="Header Files\Math">
      <UniqueIdentifier>{05675aac-8d41-43d0-b554-b514523a1d84}</UniqueIdentifier>
    </Filter>
    <Filter Include="Header Files\Scene">
      <UniqueIdentifier>{49975ad3-0434-4714-91a3-22b3facd88fa}</UniqueIdentifier>
    </Filter>
    <Filter Include="Header Files\Scene\Surface">
      <UniqueIdentifier>{aeb5ebe4-5ea3-4eef-882e-31cb848a6e79}</UniqueIdentifier>
    </Filter>
    <Filter Include="Header Files\Scene\Light">
      <UniqueIdentifier>{d9b9eef9-9279-4ceb-8b4f-9c1dc47a1b06}</UniqueIdentifier>
    </Filter>
    <Filter Include="Header Files\Utils">
      <UniqueIdentifier>{c1e578d3-9cb4-4632-9fc9-aa7c9a9532bc}</UniqueIdentifier>
    </Filter>
    <Filter Include="Resource Files">
      <UniqueIdentifier>{67DA6AB6-F800-4c08-8B7A-83BB121AAD01}</UniqueIdentifier>
      <Extensions>rc;ico;cur;bmp;dlg;rc2;rct;bin;rgs;gif;jpg;jpeg;jpe;resx;tiff;tif;png;wav</Extensions>
    </Filter>
  </ItemGroup>
  <ItemGroup>
    <ClCompile Include="Cst.cpp">
      <Filter>Source Files</Filter>
    </ClCompile>
    <ClCompile Include="Main.cpp">
      <Filter>Source Files</Filter>
    </ClCompile>
    <ClCompile Include="Var.cpp">
      <Filter>Source Files</Filter>
    </ClCompile>
    <ClCompile Include="Matrice4.cpp">
      <Filter>Source Files\Math</Filter>
    </ClCompile>
    <ClCompile Include="Vecteur3.cpp">
      <Filter>Source Files\Math</Filter>
    </ClCompile>
    <ClCompile Include="Scene.cpp">
      <Filter>Source Files\Scene</Filter>
    </ClCompile>
    <ClCompile Include="Intersection.cpp">
      <Filter>Source Files\Scene\Surface</Filter>
    </ClCompile>
    <ClCompile Include="ISurface.cpp">
      <Filter>Source Files\Scene\Surface</Filter>
    </ClCompile>
    <ClCompile Include="Plan.cpp">
      <Filter>Source Files\Scene\Surface</Filter>
    </ClCompile>
    <ClCompile Include="Quadrique.cpp">
      <Filter>Source Files\Scene\Surface</Filter>
    </ClCompile>
    <ClCompile Include="Triangle.cpp">
      <Filter>Source Files\Scene\Surface</Filter>
    </ClCompile>
    <ClCompile Include="Lumiere.cpp">
      <Filter>Source Files\Scene\Light</Filter>
    </ClCompile>
    <ClCompile Include="Couleur.cpp">
      <Filter>Source Files\Utils</Filter>
    </ClCompile>
    <ClCompile Include="Rayon.cpp">
      <Filter>Source Files\Utils</Filter>
    </ClCompile>
    <ClCompile Include="StringUtils.cpp">
      <Filter>Source Files\Utils</Filter>
    </ClCompile>
  </ItemGroup>
  <ItemGroup>
    <ClInclude Include="Cst.h">
      <Filter>Header Files</Filter>
    </ClInclude>
    <ClInclude Include="Var.h">
      <Filter>Header Files</Filter>
    </ClInclude>
    <ClInclude Include="MathUtils.h">
      <Filter>Header Files\Math</Filter>
    </ClInclude>
    <ClInclude Include="Matrice4.h">
      <Filter>Header Files\Math</Filter>
    </ClInclude>
    <ClInclude Include="Vecteur3.h">
      <Filter>Header Files\Math</Filter>
    </ClInclude>
    <ClInclude Include="Scene.h">
      <Filter>Header Files\Scene</Filter>
    </ClInclude>
    <ClInclude Include="Intersection.h">
      <Filter>Header Files\Scene\Surface</Filter>
    </ClInclude>
    <ClInclude Include="ISurface.h">
      <Filter>Header Files\Scene\Surface</Filter>
    </ClInclude>
    <ClInclude Include="Plan.h">
      <Filter>Header Files\Scene\Surface</Filter>
    </ClInclude>
    <ClInclude Include="Quadrique.h">
      <Filter>Header Files\Scene\Surface</Filter>
    </ClInclude>
    <ClInclude Include="Triangle.h">
      <Filter>Header Files\Scene\Surface</Filter>
    </ClInclude>
    <ClInclude Include="Lumiere.h">
      <Filter>Header Files\Scene\Light</Filter>
    </ClInclude>
    <ClInclude Include="Couleur.h">
      <Filter>Header Files\Utils</Filter>
    </ClInclude>
    <ClInclude Include="Rayon.h">
      <Filter>Header Files\Utils</Filter>
    </ClInclude>
    <ClInclude Include="Singleton.h">
      <Filter>Header Files\Utils</Filter>
    </ClInclude>
    <ClInclude Include="StringUtils.h">
      <Filter>Header Files\Utils</Filter>
    </ClInclude>
  </ItemGroup>
  <ItemGroup>
    <None Include="Scenes\scene7.dat">
      <Filter>Resource Files</Filter>
    </None>
    <None Include="Scenes\scene8.dat">
      <Filter>Resource Files</Filter>
    </None>
    <None Include="Scenes\scene9.dat">
      <Filter>Resource Files</Filter>
    </None>
  </ItemGroup>
</Project>