<?xml version="1.0" encoding="utf-8"?>
<Project ToolsVersion="4.0" xmlns="http://schemas.microsoft.com/developer/msbuild/2003">
  <ItemGroup>
    <Filter Include="Source Files">
      <UniqueIdentifier>{4FC737F1-C7A5-4376-A066-2A32D752A2FF}</UniqueIdentifier>
      <Extensions>cpp;c;cc;cxx;def;odl;idl;hpj;bat;asm;asmx</Extensions>
    </Filter>
    <Filter Include="Source Files\Math">
      <UniqueIdentifier>{2a496455-c984-47c4-a763-c7ab3896327b}</UniqueIdentifier>
    </Filter>
    <Filter Include="Source Files\Scene">
      <UniqueIdentifier>{e5d3ebdd-9b9d-49f3-9a3b-86a230531370}</UniqueIdentifier>
    </Filter>
    <Filter Include="Source Files\Scene\Surface">
      <UniqueIdentifier>{7328e948-dc60-4024-b956-c69f255c4223}</UniqueIdentifier>
    </Filter>
    <Filter Include="Source Files\Scene\Light">
      <UniqueIdentifier>{8905e885-a19b-493c-a773-0c07f5bc735c}</UniqueIdentifier>
    </Filter>
    <Filter Include="Source Files\Utils">
      <UniqueIdentifier>{8440c641-fd80-418d-925d-46683a082b61}</UniqueIdentifier>
    </Filter>
    <Filter Include="Header Files">
      <UniqueIdentifier>{93995380-89BD-4b04-88EB-625FBE52EBFB}</UniqueIdentifier>
      <Extensions>h;hpp;hxx;hm;inl;inc;xsd</Extensions>
    </Filter>
    <Filter Include="Header Files\Math">
      <UniqueIdentifier>{4d2887d4-f4da-49c1-ac1d-90e7d226bc26}</UniqueIdentifier>
    </Filter>
    <Filter Include="Header Files\Scene">
      <UniqueIdentifier>{db8de8ae-410f-462a-8dec-bd2132eee0de}</UniqueIdentifier>
    </Filter>
    <Filter Include="Header Files\Scene\Surface">
      <UniqueIdentifier>{fca5b95e-e50a-42b6-9e97-ca0296fd7510}</UniqueIdentifier>
    </Filter>
    <Filter Include="Header Files\Scene\Light">
      <UniqueIdentifier>{31605098-b709-4e9b-8dd4-8bb0f3f53fe1}</UniqueIdentifier>
    </Filter>
    <Filter Include="Header Files\Utils">
      <UniqueIdentifier>{8bff0c51-cd4f-4cc6-80d8-a57a31f04d35}</UniqueIdentifier>
    </Filter>
    <Filter Include="Resource Files">
      <UniqueIdentifier>{67DA6AB6-F800-4c08-8B7A-83BB121AAD01}</UniqueIdentifier>
      <Extensions>rc;ico;cur;bmp;dlg;rc2;rct;bin;rgs;gif;jpg;jpeg;jpe;resx;tiff;tif;png;wav</Extensions>
    </Filter>
  </ItemGroup>
  <ItemGroup>
    <ClCompile Include="Cst.cpp">
      <Filter>Source Files</Filter>
    </ClCompile>
    <ClCompile Include="Main.cpp">
      <Filter>Source Files</Filter>
    </ClCompile>
    <ClCompile Include="Var.cpp">
      <Filter>Source Files</Filter>
    </ClCompile>
    <ClCompile Include="Matrice4.cpp">
      <Filter>Source Files\Math</Filter>
    </ClCompile>
    <ClCompile Include="Vecteur3.cpp">
      <Filter>Source Files\Math</Filter>
    </ClCompile>
    <ClCompile Include="Scene.cpp">
      <Filter>Source Files\Scene</Filter>
    </ClCompile>
    <ClCompile Include="Intersection.cpp">
      <Filter>Source Files\Scene\Surface</Filter>
    </ClCompile>
    <ClCompile Include="ISurface.cpp">
      <Filter>Source Files\Scene\Surface</Filter>
    </ClCompile>
    <ClCompile Include="Plan.cpp">
      <Filter>Source Files\Scene\Surface</Filter>
    </ClCompile>
    <ClCompile Include="Quadrique.cpp">
      <Filter>Source Files\Scene\Surface</Filter>
    </ClCompile>
    <ClCompile Include="Triangle.cpp">
      <Filter>Source Files\Scene\Surface</Filter>
    </ClCompile>
    <ClCompile Include="Lumiere.cpp">
      <Filter>Source Files\Scene\Light</Filter>
    </ClCompile>
    <ClCompile Include="Couleur.cpp">
      <Filter>Source Files\Utils</Filter>
    </ClCompile>
    <ClCompile Include="Rayon.cpp">
      <Filter>Source Files\Utils</Filter>
    </ClCompile>
    <ClCompile Include="StringUtils.cpp">
      <Filter>Source Files\Utils</Filter>
    </ClCompile>
  </ItemGroup>
  <ItemGroup>
    <ClInclude Include="Cst.h">
      <Filter>Header Files</Filter>
    </ClInclude>
    <ClInclude Include="Var.h">
      <Filter>Header Files</Filter>
    </ClInclude>
    <ClInclude Include="MathUtils.h">
      <Filter>Header Files\Math</Filter>
    </ClInclude>
    <ClInclude Include="Matrice4.h">
      <Filter>Header Files\Math</Filter>
    </ClInclude>
    <ClInclude Include="Vecteur3.h">
      <Filter>Header Files\Math</Filter>
    </ClInclude>
    <ClInclude Include="Scene.h">
      <Filter>Header Files\Scene</Filter>
    </ClInclude>
    <ClInclude Include="Intersection.h">
      <Filter>Header Files\Scene\Surface</Filter>
    </ClInclude>
    <ClInclude Include="ISurface.h">
      <Filter>Header Files\Scene\Surface</Filter>
    </ClInclude>
    <ClInclude Include="Plan.h">
      <Filter>Header Files\Scene\Surface</Filter>
    </ClInclude>
    <ClInclude Include="Quadrique.h">
      <Filter>Header Files\Scene\Surface</Filter>
    </ClInclude>
    <ClInclude Include="Triangle.h">
      <Filter>Header Files\Scene\Surface</Filter>
    </ClInclude>
    <ClInclude Include="Lumiere.h">
      <Filter>Header Files\Scene\Light</Filter>
    </ClInclude>
    <ClInclude Include="Couleur.h">
      <Filter>Header Files\Utils</Filter>
    </ClInclude>
    <ClInclude Include="Rayon.h">
      <Filter>Header Files\Utils</Filter>
    </ClInclude>
    <ClInclude Include="Singleton.h">
      <Filter>Header Files\Utils</Filter>
    </ClInclude>
    <ClInclude Include="StringUtils.h">
      <Filter>Header Files\Utils</Filter>
    </ClInclude>
  </ItemGroup>
  <ItemGroup>
    <None Include="Scenes\scene1.dat">
      <Filter>Resource Files</Filter>
    </None>
    <None Include="Scenes\scene2.dat">
      <Filter>Resource Files</Filter>
    </None>
    <None Include="Scenes\scene3.dat">
      <Filter>Resource Files</Filter>
    </None>
  </ItemGroup>
</Project>