<?xml version="1.0" encoding="utf-8"?>
<Project ToolsVersion="4.0" xmlns="http://schemas.microsoft.com/developer/msbuild/2003">
  <ItemGroup>
    <Filter Include="Source Files">
      <UniqueIdentifier>{4FC737F1-C7A5-4376-A066-2A32D752A2FF}</UniqueIdentifier>
      <Extensions>cpp;c;cc;cxx;def;odl;idl;hpj;bat;asm;asmx</Extensions>
    </Filter>
    <Filter Include="Source Files\Utils">
      <UniqueIdentifier>{5d390cf9-cf71-4b3e-a836-d6025058f40c}</UniqueIdentifier>
    </Filter>
    <Filter Include="Source Files\Math">
      <UniqueIdentifier>{bbfd30f3-6ad5-4382-b093-729a31d03dbc}</UniqueIdentifier>
    </Filter>
    <Filter Include="Source Files\Parsers">
      <UniqueIdentifier>{8f4c75f4-cc0b-4459-9121-cdbd2947cfb8}</UniqueIdentifier>
    </Filter>
    <Filter Include="Header Files">
      <UniqueIdentifier>{93995380-89BD-4b04-88EB-625FBE52EBFB}</UniqueIdentifier>
      <Extensions>h;hpp;hxx;hm;inl;inc;xsd</Extensions>
    </Filter>
    <Filter Include="Header Files\Utils">
      <UniqueIdentifier>{a5c37d1d-edb0-4560-bbb7-22913ece5f98}</UniqueIdentifier>
    </Filter>
    <Filter Include="Header Files\Math">
      <UniqueIdentifier>{88187360-a8c1-427c-8f60-fbb2d9a15371}</UniqueIdentifier>
    </Filter>
    <Filter Include="Header Files\Geometry">
      <UniqueIdentifier>{b50faca8-58f4-46bb-a811-c05eac99752c}</UniqueIdentifier>
    </Filter>
    <Filter Include="Header Files\Parsers">
      <UniqueIdentifier>{321e0d38-b672-44dc-aaef-57c64bd615c1}</UniqueIdentifier>
    </Filter>
    <Filter Include="Resource Files">
      <UniqueIdentifier>{67DA6AB6-F800-4c08-8B7A-83BB121AAD01}</UniqueIdentifier>
      <Extensions>rc;ico;cur;bmp;dlg;rc2;rct;bin;rgs;gif;jpg;jpeg;jpe;resx;tiff;tif;png;wav</Extensions>
    </Filter>
  </ItemGroup>
  <ItemGroup>
    <ClCompile Include="StringUtils.cpp">
      <Filter>Source Files\Utils</Filter>
    </ClCompile>
    <ClCompile Include="Vecteur3.cpp">
      <Filter>Source Files\Math</Filter>
    </ClCompile>
    <ClCompile Include="OBJParser.cpp">
      <Filter>Source Files\Parsers</Filter>
    </ClCompile>
    <ClCompile Include="ParserTextAbstrait.cpp">
      <Filter>Source Files\Parsers</Filter>
    </ClCompile>
  </ItemGroup>
  <ItemGroup>
    <ClInclude Include="StringUtils.h">
      <Filter>Header Files\Utils</Filter>
    </ClInclude>
    <ClInclude Include="MathUtils.h">
      <Filter>Header Files\Math</Filter>
    </ClInclude>
    <ClInclude Include="Vecteur3.h">
      <Filter>Header Files\Math</Filter>
    </ClInclude>
    <ClInclude Include="Geometry.h">
      <Filter>Header Files\Geometry</Filter>
    </ClInclude>
    <ClInclude Include="OBJParser.h">
      <Filter>Header Files\Parsers</Filter>
    </ClInclude>
    <ClInclude Include="ParserTextAbstrait.h">
      <Filter>Header Files\Parsers</Filter>
    </ClInclude>
  </ItemGroup>
</Project>